apiVersion: vendir.k14s.io/v1alpha1
directories:
- contents:
  - helmChart:
      appVersion: v2.7.4
      version: 5.36.1
    path: argo
  - helmChart:
      appVersion: v0.13.10
      version: 0.13.10
    path: metallb-system
  - helmChart:
      appVersion: 3.7.0
      version: 3.7.0
    path: openebs
  - helmChart:
      appVersion: v0.70.0
      version: 55.0.0
    path: kube-prometheus-stack
  - helmChart:
      appVersion: 1.13.1
      version: 0.24.1
    path: vault
  - helmChart:
      appVersion: 21.1.1
      version: 15.0.0
    path: keycloak
  - helmChart:
      appVersion: v1.12.2
      version: v1.12.2
    path: cert-manager
  - helmChart:
      appVersion: 1.8.0
      version: 4.7.0
    path: ingress-nginx
  - helmChart:
      appVersion: v16.2.1
      version: 7.2.1
    path: gitlab
  - helmChart:
      appVersion: 2023.12.7
      version: 12.10.6
    path: minio
  - helmChart:
      appVersion: v23.05.1
      version: 0.7.1
    path: homer
  - helmChart:
      appVersion: 15.4.0
      version: 12.8.2
    path: postgresql
  - helmChart:
      appVersion: 8.0.34
      version: 9.11.0
    path: mysql
  - helmChart:
      appVersion: v1.0.36
      version: 1.0.36
    path: reloader
  - helmChart:
      appVersion: 1.16.0
      version: 1.0.0
    path: semaphore
  - helmChart:
      appVersion: 2.9.2
      version: 6.15.3
    path: promtail
  - helmChart:
      appVersion: 2.9.2
      version: 5.39.0
    path: loki
  - helmChart:
      appVersion: 0.17.1
      version: 0.19.1
    path: trivy-operator
  - helmChart:
      appVersion: 2.9.1
      version: 1.13.1
    path: harbor
  - helmChart:
      appVersion: 3.0.0
      version: 3.0.3
    path: litmus
  - helmChart:
      appVersion: v1.44.0
      version: 3.7.78
    path: netdata
  - helmChart:
      appVersion: v0.10.4
      version: 0.4.7
    path: vault-raft-snapshot-agent
  - helmChart:
      appVersion: v0.15.0
      version: 5.3.0
    path: prometheus-postgres-exporter
  path: config
kind: LockConfig
