{
  "version": 4,
  "terraform_version": "1.5.5",
  "serial": 15,
  "lineage": "64d9c290-d9e8-585f-8ad7-0a6e2b792a7c",
  "outputs": {},
  "resources": [
    {
      "module": "module.grafana_secret",
      "mode": "managed",
      "type": "random_string",
      "name": "generate",
      "provider": "provider[\"registry.terraform.io/hashicorp/random\"]",
      "instances": [
        {
          "schema_version": 2,
          "attributes": {
            "id": "fuuUSmyirA3NncMA3JPUHTmZmJ01KgETecu6t79etztblYmFSVBYdruE4AynltRyXp9xvtnY4FrOE3Py9qCxW5ulZSqADhDGNe7YwlA6BsglANH5zkdMVXKmQDnsrlbV",
            "keepers": null,
            "length": 128,
            "lower": true,
            "min_lower": 0,
            "min_numeric": 0,
            "min_special": 0,
            "min_upper": 0,
            "number": true,
            "numeric": true,
            "override_special": "/+",
            "result": "fuuUSmyirA3NncMA3JPUHTmZmJ01KgETecu6t79etztblYmFSVBYdruE4AynltRyXp9xvtnY4FrOE3Py9qCxW5ulZSqADhDGNe7YwlA6BsglANH5zkdMVXKmQDnsrlbV",
            "special": false,
            "upper": true
          },
          "sensitive_attributes": []
        }
      ]
    },
    {
      "module": "module.grafana_vault_secrets",
      "mode": "managed",
      "type": "vault_kv_secret_v2",
      "name": "secret",
      "provider": "provider[\"registry.terraform.io/hashicorp/vault\"]",
      "instances": []
    },
    {
      "module": "module.minio_secret",
      "mode": "managed",
      "type": "random_string",
      "name": "generate",
      "provider": "provider[\"registry.terraform.io/hashicorp/random\"]",
      "instances": [
        {
          "schema_version": 2,
          "attributes": {
            "id": "plyXoOYBfcrFkBwZeJukWditixOjD1jnz91Io1O5JbHE7bDkuTK0QVSlIGoh5Fx6mRXfbMI2xfv6vwbkR0oLyjOVBsiKj23hls799vwROIaXJiGIES4A2UE4y6C0CpP1",
            "keepers": null,
            "length": 128,
            "lower": true,
            "min_lower": 0,
            "min_numeric": 0,
            "min_special": 0,
            "min_upper": 0,
            "number": true,
            "numeric": true,
            "override_special": "/+",
            "result": "plyXoOYBfcrFkBwZeJukWditixOjD1jnz91Io1O5JbHE7bDkuTK0QVSlIGoh5Fx6mRXfbMI2xfv6vwbkR0oLyjOVBsiKj23hls799vwROIaXJiGIES4A2UE4y6C0CpP1",
            "special": false,
            "upper": true
          },
          "sensitive_attributes": []
        }
      ]
    },
    {
      "module": "module.minio_vault_secrets",
      "mode": "managed",
      "type": "vault_kv_secret_v2",
      "name": "secret",
      "provider": "provider[\"registry.terraform.io/hashicorp/vault\"]",
      "instances": [
        {
          "schema_version": 0,
          "attributes": {
            "cas": 1,
            "custom_metadata": [
              {
                "cas_required": false,
                "data": {},
                "delete_version_after": 0,
                "max_versions": 0
              }
            ],
            "data": {
              "root_password": "cGx5WG9PWUJmY3JGa0J3WmVKdWtXZGl0aXhPakQxam56OTFJbzFPNUpiSEU3YkRrdVRLMFFWU2xJR29oNUZ4Nm1SWGZiTUkyeGZ2NnZ3YmtSMG9MeWpPVkJzaUtqMjNobHM3OTl2d1JPSWFYSmlHSUVTNEEyVUU0eTZDMENwUDE=",
              "root_user": "minio"
            },
            "data_json": "{\"root_password\":\"cGx5WG9PWUJmY3JGa0J3WmVKdWtXZGl0aXhPakQxam56OTFJbzFPNUpiSEU3YkRrdVRLMFFWU2xJR29oNUZ4Nm1SWGZiTUkyeGZ2NnZ3YmtSMG9MeWpPVkJzaUtqMjNobHM3OTl2d1JPSWFYSmlHSUVTNEEyVUU0eTZDMENwUDE=\",\"root_user\":\"minio\"}",
            "delete_all_versions": true,
            "disable_read": false,
            "id": "kubernetes/data/minio",
            "metadata": {
              "created_time": "2023-08-12T13:29:04.283700385Z",
              "custom_metadata": "null",
              "deletion_time": "",
              "destroyed": "false",
              "version": "1"
            },
            "mount": "kubernetes",
            "name": "minio",
            "namespace": null,
            "options": null,
            "path": "kubernetes/data/minio"
          },
          "sensitive_attributes": [],
          "private": "bnVsbA==",
          "dependencies": [
            "module.minio_secret.random_string.generate",
            "module.minio_vault_secrets.vault_mount.kvv2"
          ]
        }
      ]
    },
    {
      "module": "module.minio_vault_secrets",
      "mode": "managed",
      "type": "vault_mount",
      "name": "kvv2",
      "provider": "provider[\"registry.terraform.io/hashicorp/vault\"]",
      "instances": [
        {
          "schema_version": 0,
          "attributes": {
            "accessor": "kv_0174958d",
            "allowed_managed_keys": [],
            "audit_non_hmac_request_keys": [],
            "audit_non_hmac_response_keys": [],
            "default_lease_ttl_seconds": 0,
            "description": "KV Version 2 secret engine mount",
            "external_entropy_access": false,
            "id": "kubernetes",
            "local": false,
            "max_lease_ttl_seconds": 0,
            "namespace": null,
            "options": {
              "version": "2"
            },
            "path": "kubernetes",
            "seal_wrap": false,
            "type": "kv-v2"
          },
          "sensitive_attributes": [],
          "private": "bnVsbA=="
        }
      ]
    },
    {
      "module": "module.read_only_approle",
      "mode": "managed",
      "type": "vault_approle_auth_backend_role",
      "name": "approle",
      "provider": "provider[\"registry.terraform.io/hashicorp/vault\"]",
      "instances": [
        {
          "schema_version": 0,
          "attributes": {
            "backend": "read-only",
            "bind_secret_id": true,
            "id": "auth/read-only/role/read-only",
            "namespace": null,
            "role_id": "95f9401c-eff3-e2af-2108-9f102f240afd",
            "role_name": "read-only",
            "secret_id_bound_cidrs": [],
            "secret_id_num_uses": 0,
            "secret_id_ttl": 0,
            "token_bound_cidrs": [],
            "token_explicit_max_ttl": 0,
            "token_max_ttl": 31556952,
            "token_no_default_policy": false,
            "token_num_uses": 0,
            "token_period": 0,
            "token_policies": [
              "default",
              "read-only-approle-policy"
            ],
            "token_ttl": 31556952,
            "token_type": "default"
          },
          "sensitive_attributes": [],
          "private": "bnVsbA==",
          "dependencies": [
            "module.read_only_approle.vault_auth_backend.approle",
            "module.read_only_approle.vault_policy.root"
          ]
        }
      ]
    },
    {
      "module": "module.read_only_approle",
      "mode": "managed",
      "type": "vault_auth_backend",
      "name": "approle",
      "provider": "provider[\"registry.terraform.io/hashicorp/vault\"]",
      "instances": [
        {
          "schema_version": 1,
          "attributes": {
            "accessor": "auth_approle_046cfc0f",
            "description": "",
            "disable_remount": false,
            "id": "read-only",
            "local": false,
            "namespace": null,
            "path": "read-only",
            "tune": [],
            "type": "approle"
          },
          "sensitive_attributes": [],
          "private": "eyJzY2hlbWFfdmVyc2lvbiI6IjEifQ=="
        }
      ]
    },
    {
      "module": "module.read_only_approle",
      "mode": "managed",
      "type": "vault_policy",
      "name": "root",
      "provider": "provider[\"registry.terraform.io/hashicorp/vault\"]",
      "instances": [
        {
          "schema_version": 0,
          "attributes": {
            "id": "read-only-approle-policy",
            "name": "read-only-approle-policy",
            "namespace": null,
            "policy": "path \"kubernetes/*\" {\n\tcapabilities = [\"read\",\"list\"]\n}\n"
          },
          "sensitive_attributes": [],
          "private": "bnVsbA=="
        }
      ]
    },
    {
      "module": "module.root_approle",
      "mode": "managed",
      "type": "vault_approle_auth_backend_role",
      "name": "approle",
      "provider": "provider[\"registry.terraform.io/hashicorp/vault\"]",
      "instances": [
        {
          "schema_version": 0,
          "attributes": {
            "backend": "root",
            "bind_secret_id": true,
            "id": "auth/root/role/root",
            "namespace": null,
            "role_id": "998f2234-c444-85ab-17fa-80051b108b67",
            "role_name": "root",
            "secret_id_bound_cidrs": [],
            "secret_id_num_uses": 0,
            "secret_id_ttl": 0,
            "token_bound_cidrs": [],
            "token_explicit_max_ttl": 0,
            "token_max_ttl": 31556952,
            "token_no_default_policy": false,
            "token_num_uses": 0,
            "token_period": 0,
            "token_policies": [
              "default",
              "root-approle-policy"
            ],
            "token_ttl": 31556952,
            "token_type": "default"
          },
          "sensitive_attributes": [],
          "private": "bnVsbA==",
          "dependencies": [
            "module.root_approle.vault_auth_backend.approle",
            "module.root_approle.vault_policy.root"
          ]
        }
      ]
    },
    {
      "module": "module.root_approle",
      "mode": "managed",
      "type": "vault_auth_backend",
      "name": "approle",
      "provider": "provider[\"registry.terraform.io/hashicorp/vault\"]",
      "instances": [
        {
          "schema_version": 1,
          "attributes": {
            "accessor": "auth_approle_c3f493df",
            "description": "",
            "disable_remount": false,
            "id": "root",
            "local": false,
            "namespace": null,
            "path": "root",
            "tune": [],
            "type": "approle"
          },
          "sensitive_attributes": [],
          "private": "eyJzY2hlbWFfdmVyc2lvbiI6IjEifQ=="
        }
      ]
    },
    {
      "module": "module.root_approle",
      "mode": "managed",
      "type": "vault_policy",
      "name": "root",
      "provider": "provider[\"registry.terraform.io/hashicorp/vault\"]",
      "instances": [
        {
          "schema_version": 0,
          "attributes": {
            "id": "root-approle-policy",
            "name": "root-approle-policy",
            "namespace": null,
            "policy": "path \"*\" {\n\tcapabilities = [\"sudo\",\"read\",\"create\",\"update\",\"delete\",\"list\",\"patch\"]\n}\n"
          },
          "sensitive_attributes": [],
          "private": "bnVsbA=="
        }
      ]
    }
  ],
  "check_results": null
}
